// !$*UTF8*$!
{
	archiveVersion = 1;
	classes = {
	};
	objectVersion = 46;
	objects = {

/* Begin PBXBuildFile section */
		834786EC1AE81BED003EE498 /* AppDelegate.swift in Sources */ = {isa = PBXBuildFile; fileRef = 834786EB1AE81BED003EE498 /* AppDelegate.swift */; };
		834786EE1AE81BED003EE498 /* ViewController.swift in Sources */ = {isa = PBXBuildFile; fileRef = 834786ED1AE81BED003EE498 /* ViewController.swift */; };
		834786F11AE81BED003EE498 /* Main.storyboard in Resources */ = {isa = PBXBuildFile; fileRef = 834786EF1AE81BED003EE498 /* Main.storyboard */; };
		834786F31AE81BED003EE498 /* Images.xcassets in Resources */ = {isa = PBXBuildFile; fileRef = 834786F21AE81BED003EE498 /* Images.xcassets */; };
		834786F61AE81BED003EE498 /* LaunchScreen.xib in Resources */ = {isa = PBXBuildFile; fileRef = 834786F41AE81BED003EE498 /* LaunchScreen.xib */; };
		834787021AE81BED003EE498 /* BootcampExampleTests.swift in Sources */ = {isa = PBXBuildFile; fileRef = 834787011AE81BED003EE498 /* BootcampExampleTests.swift */; };
		83B5D5301AEF6B070038E331 /* SettingsViewController.swift in Sources */ = {isa = PBXBuildFile; fileRef = 83B5D52F1AEF6B070038E331 /* SettingsViewController.swift */; };
/* End PBXBuildFile section */

/* Begin PBXContainerItemProxy section */
		834786FC1AE81BED003EE498 /* PBXContainerItemProxy */ = {
			isa = PBXContainerItemProxy;
			containerPortal = 834786DE1AE81BED003EE498 /* Project object */;
			proxyType = 1;
			remoteGlobalIDString = 834786E51AE81BED003EE498;
			remoteInfo = BootcampExample;
		};
/* End PBXContainerItemProxy section */

/* Begin PBXFileReference section */
		834786E61AE81BED003EE498 /* BootcampExample.app */ = {isa = PBXFileReference; explicitFileType = wrapper.application; includeInIndex = 0; path = BootcampExample.app; sourceTree = BUILT_PRODUCTS_DIR; };
		834786EA1AE81BED003EE498 /* Info.plist */ = {isa = PBXFileReference; lastKnownFileType = text.plist.xml; path = Info.plist; sourceTree = "<group>"; };
		834786EB1AE81BED003EE498 /* AppDelegate.swift */ = {isa = PBXFileReference; lastKnownFileType = sourcecode.swift; path = AppDelegate.swift; sourceTree = "<group>"; };
		834786ED1AE81BED003EE498 /* ViewController.swift */ = {isa = PBXFileReference; lastKnownFileType = sourcecode.swift; path = ViewController.swift; sourceTree = "<group>"; };
		834786F01AE81BED003EE498 /* Base */ = {isa = PBXFileReference; lastKnownFileType = file.storyboard; name = Base; path = Base.lproj/Main.storyboard; sourceTree = "<group>"; };
		834786F21AE81BED003EE498 /* Images.xcassets */ = {isa = PBXFileReference; lastKnownFileType = folder.assetcatalog; path = Images.xcassets; sourceTree = "<group>"; };
		834786F51AE81BED003EE498 /* Base */ = {isa = PBXFileReference; lastKnownFileType = file.xib; name = Base; path = Base.lproj/LaunchScreen.xib; sourceTree = "<group>"; };
		834786FB1AE81BED003EE498 /* BootcampExampleTests.xctest */ = {isa = PBXFileReference; explicitFileType = wrapper.cfbundle; includeInIndex = 0; path = BootcampExampleTests.xctest; sourceTree = BUILT_PRODUCTS_DIR; };
		834787001AE81BED003EE498 /* Info.plist */ = {isa = PBXFileReference; lastKnownFileType = text.plist.xml; path = Info.plist; sourceTree = "<group>"; };
		834787011AE81BED003EE498 /* BootcampExampleTests.swift */ = {isa = PBXFileReference; lastKnownFileType = sourcecode.swift; path = BootcampExampleTests.swift; sourceTree = "<group>"; };
		83B5D52F1AEF6B070038E331 /* SettingsViewController.swift */ = {isa = PBXFileReference; fileEncoding = 4; lastKnownFileType = sourcecode.swift; path = SettingsViewController.swift; sourceTree = "<group>"; };
/* End PBXFileReference section */

/* Begin PBXFrameworksBuildPhase section */
		834786E31AE81BED003EE498 /* Frameworks */ = {
			isa = PBXFrameworksBuildPhase;
			buildActionMask = 2147483647;
			files = (
			);
			runOnlyForDeploymentPostprocessing = 0;
		};
		834786F81AE81BED003EE498 /* Frameworks */ = {
			isa = PBXFrameworksBuildPhase;
			buildActionMask = 2147483647;
			files = (
			);
			runOnlyForDeploymentPostprocessing = 0;
		};
/* End PBXFrameworksBuildPhase section */

/* Begin PBXGroup section */
		834786DD1AE81BED003EE498 = {
			isa = PBXGroup;
			children = (
				834786E81AE81BED003EE498 /* BootcampExample */,
				834786FE1AE81BED003EE498 /* BootcampExampleTests */,
				834786E71AE81BED003EE498 /* Products */,
			);
			sourceTree = "<group>";
		};
		834786E71AE81BED003EE498 /* Products */ = {
			isa = PBXGroup;
			children = (
				834786E61AE81BED003EE498 /* BootcampExample.app */,
				834786FB1AE81BED003EE498 /* BootcampExampleTests.xctest */,
			);
			name = Products;
			sourceTree = "<group>";
		};
		834786E81AE81BED003EE498 /* BootcampExample */ = {
			isa = PBXGroup;
			children = (
				834786EB1AE81BED003EE498 /* AppDelegate.swift */,
				834786ED1AE81BED003EE498 /* ViewController.swift */,
				83B5D52F1AEF6B070038E331 /* SettingsViewController.swift */,
				834786EF1AE81BED003EE498 /* Main.storyboard */,
				834786F21AE81BED003EE498 /* Images.xcassets */,
				834786F41AE81BED003EE498 /* LaunchScreen.xib */,
				834786E91AE81BED003EE498 /* Supporting Files */,
			);
			path = BootcampExample;
			sourceTree = "<group>";
		};
		834786E91AE81BED003EE498 /* Supporting Files */ = {
			isa = PBXGroup;
			children = (
				834786EA1AE81BED003EE498 /* Info.plist */,
			);
			name = "Supporting Files";
			sourceTree = "<group>";
		};
		834786FE1AE81BED003EE498 /* BootcampExampleTests */ = {
			isa = PBXGroup;
			children = (
				834787011AE81BED003EE498 /* BootcampExampleTests.swift */,
				834786FF1AE81BED003EE498 /* Supporting Files */,
			);
			path = BootcampExampleTests;
			sourceTree = "<group>";
		};
		834786FF1AE81BED003EE498 /* Supporting Files */ = {
			isa = PBXGroup;
			children = (
				834787001AE81BED003EE498 /* Info.plist */,
			);
			name = "Supporting Files";
			sourceTree = "<group>";
		};
/* End PBXGroup section */

/* Begin PBXNativeTarget section */
		834786E51AE81BED003EE498 /* BootcampExample */ = {
			isa = PBXNativeTarget;
			buildConfigurationList = 834787051AE81BED003EE498 /* Build configuration list for PBXNativeTarget "BootcampExample" */;
			buildPhases = (
				834786E21AE81BED003EE498 /* Sources */,
				834786E31AE81BED003EE498 /* Frameworks */,
				834786E41AE81BED003EE498 /* Resources */,
			);
			buildRules = (
			);
			dependencies = (
			);
			name = BootcampExample;
			productName = BootcampExample;
			productReference = 834786E61AE81BED003EE498 /* BootcampExample.app */;
			productType = "com.apple.product-type.application";
		};
		834786FA1AE81BED003EE498 /* BootcampExampleTests */ = {
			isa = PBXNativeTarget;
			buildConfigurationList = 834787081AE81BED003EE498 /* Build configuration list for PBXNativeTarget "BootcampExampleTests" */;
			buildPhases = (
				834786F71AE81BED003EE498 /* Sources */,
				834786F81AE81BED003EE498 /* Frameworks */,
				834786F91AE81BED003EE498 /* Resources */,
			);
			buildRules = (
			);
			dependencies = (
				834786FD1AE81BED003EE498 /* PBXTargetDependency */,
			);
			name = BootcampExampleTests;
			productName = BootcampExampleTests;
			productReference = 834786FB1AE81BED003EE498 /* BootcampExampleTests.xctest */;
			productType = "com.apple.product-type.bundle.unit-test";
		};
/* End PBXNativeTarget section */

/* Begin PBXProject section */
		834786DE1AE81BED003EE498 /* Project object */ = {
			isa = PBXProject;
			attributes = {
				LastUpgradeCheck = 0610;
				ORGANIZATIONNAME = "Ningchong Chen";
				TargetAttributes = {
					834786E51AE81BED003EE498 = {
						CreatedOnToolsVersion = 6.1;
					};
					834786FA1AE81BED003EE498 = {
						CreatedOnToolsVersion = 6.1;
						TestTargetID = 834786E51AE81BED003EE498;
					};
				};
			};
			buildConfigurationList = 834786E11AE81BED003EE498 /* Build configuration list for PBXProject "BootcampExample" */;
			compatibilityVersion = "Xcode 3.2";
			developmentRegion = English;
			hasScannedForEncodings = 0;
			knownRegions = (
				en,
				Base,
			);
			mainGroup = 834786DD1AE81BED003EE498;
			productRefGroup = 834786E71AE81BED003EE498 /* Products */;
			projectDirPath = "";
			projectRoot = "";
			targets = (
				834786E51AE81BED003EE498 /* BootcampExample */,
				834786FA1AE81BED003EE498 /* BootcampExampleTests */,
			);
		};
/* End PBXProject section */

/* Begin PBXResourcesBuildPhase section */
		834786E41AE81BED003EE498 /* Resources */ = {
			isa = PBXResourcesBuildPhase;
			buildActionMask = 2147483647;
			files = (
				834786F11AE81BED003EE498 /* Main.storyboard in Resources */,
				834786F61AE81BED003EE498 /* LaunchScreen.xib in Resources */,
				834786F31AE81BED003EE498 /* Images.xcassets in Resources */,
			);
			runOnlyForDeploymentPostprocessing = 0;
		};
		834786F91AE81BED003EE498 /* Resources */ = {
			isa = PBXResourcesBuildPhase;
			buildActionMask = 2147483647;
			files = (
			);
			runOnlyForDeploymentPostprocessing = 0;
		};
/* End PBXResourcesBuildPhase section */

/* Begin PBXSourcesBuildPhase section */
		834786E21AE81BED003EE498 /* Sources */ = {
			isa = PBXSourcesBuildPhase;
			buildActionMask = 2147483647;
			files = (
				834786EE1AE81BED003EE498 /* ViewController.swift in Sources */,
				834786EC1AE81BED003EE498 /* AppDelegate.swift in Sources */,
				83B5D5301AEF6B070038E331 /* SettingsViewController.swift in Sources */,
			);
			runOnlyForDeploymentPostprocessing = 0;
		};
		834786F71AE81BED003EE498 /* Sources */ = {
			isa = PBXSourcesBuildPhase;
			buildActionMask = 2147483647;
			files = (
				834787021AE81BED003EE498 /* BootcampExampleTests.swift in Sources */,
			);
			runOnlyForDeploymentPostprocessing = 0;
		};
/* End PBXSourcesBuildPhase section */

/* Begin PBXTargetDependency section */
		834786FD1AE81BED003EE498 /* PBXTargetDependency */ = {
			isa = PBXTargetDependency;
			target = 834786E51AE81BED003EE498 /* BootcampExample */;
			targetProxy = 834786FC1AE81BED003EE498 /* PBXContainerItemProxy */;
		};
/* End PBXTargetDependency section */

/* Begin PBXVariantGroup section */
		834786EF1AE81BED003EE498 /* Main.storyboard */ = {
			isa = PBXVariantGroup;
			children = (
				834786F01AE81BED003EE498 /* Base */,
			);
			name = Main.storyboard;
			sourceTree = "<group>";
		};
		834786F41AE81BED003EE498 /* LaunchScreen.xib */ = {
			isa = PBXVariantGroup;
			children = (
				834786F51AE81BED003EE498 /* Base */,
			);
			name = LaunchScreen.xib;
			sourceTree = "<group>";
		};
/* End PBXVariantGroup section */

/* Begin XCBuildConfiguration section */
		834787031AE81BED003EE498 /* Debug */ = {
			isa = XCBuildConfiguration;
			buildSettings = {
				ALWAYS_SEARCH_USER_PATHS = NO;
				CLANG_CXX_LANGUAGE_STANDARD = "gnu++0x";
				CLANG_CXX_LIBRARY = "libc++";
				CLANG_ENABLE_MODULES = YES;
				CLANG_ENABLE_OBJC_ARC = YES;
				CLANG_WARN_BOOL_CONVERSION = YES;
				CLANG_WARN_CONSTANT_CONVERSION = YES;
				CLANG_WARN_DIRECT_OBJC_ISA_USAGE = YES_ERROR;
				CLANG_WARN_EMPTY_BODY = YES;
				CLANG_WARN_ENUM_CONVERSION = YES;
				CLANG_WARN_INT_CONVERSION = YES;
				CLANG_WARN_OBJC_ROOT_CLASS = YES_ERROR;
				CLANG_WARN_UNREACHABLE_CODE = YES;
				CLANG_WARN__DUPLICATE_METHOD_MATCH = YES;
				"CODE_SIGN_IDENTITY[sdk=iphoneos*]" = "iPhone Developer";
				COPY_PHASE_STRIP = NO;
				ENABLE_STRICT_OBJC_MSGSEND = YES;
				GCC_C_LANGUAGE_STANDARD = gnu99;
				GCC_DYNAMIC_NO_PIC = NO;
				GCC_OPTIMIZATION_LEVEL = 0;
				GCC_PREPROCESSOR_DEFINITIONS = (
					"DEBUG=1",
					"$(inherited)",
				);
				GCC_SYMBOLS_PRIVATE_EXTERN = NO;
				GCC_WARN_64_TO_32_BIT_CONVERSION = YES;
				GCC_WARN_ABOUT_RETURN_TYPE = YES_ERROR;
				GCC_WARN_UNDECLARED_SELECTOR = YES;
				GCC_WARN_UNINITIALIZED_AUTOS = YES_AGGRESSIVE;
				GCC_WARN_UNUSED_FUNCTION = YES;
				GCC_WARN_UNUSED_VARIABLE = YES;
				IPHONEOS_DEPLOYMENT_TARGET = 8.0;
				MTL_ENABLE_DEBUG_INFO = YES;
				ONLY_ACTIVE_ARCH = YES;
				SDKROOT = iphoneos;
				SWIFT_OPTIMIZATION_LEVEL = "-Onone";
				TARGETED_DEVICE_FAMILY = "1,2";
			};
			name = Debug;
		};
		834787041AE81BED003EE498 /* Release */ = {
			isa = XCBuildConfiguration;
			buildSettings = {
				ALWAYS_SEARCH_USER_PATHS = NO;
				CLANG_CXX_LANGUAGE_STANDARD = "gnu++0x";
				CLANG_CXX_LIBRARY = "libc++";
				CLANG_ENABLE_MODULES = YES;
				CLANG_ENABLE_OBJC_ARC = YES;
				CLANG_WARN_BOOL_CONVERSION = YES;
				CLANG_WARN_CONSTANT_CONVERSION = YES;
				CLANG_WARN_DIRECT_OBJC_ISA_USAGE = YES_ERROR;
				CLANG_WARN_EMPTY_BODY = YES;
				CLANG_WARN_ENUM_CONVERSION = YES;
				CLANG_WARN_INT_CONVERSION = YES;
				CLANG_WARN_OBJC_ROOT_CLASS = YES_ERROR;
				CLANG_WARN_UNREACHABLE_CODE = YES;
				CLANG_WARN__DUPLICATE_METHOD_MATCH = YES;
				"CODE_SIGN_IDENTITY[sdk=iphoneos*]" = "iPhone Developer";
				COPY_PHASE_STRIP = YES;
				ENABLE_NS_ASSERTIONS = NO;
				ENABLE_STRICT_OBJC_MSGSEND = YES;
				GCC_C_LANGUAGE_STANDARD = gnu99;
				GCC_WARN_64_TO_32_BIT_CONVERSION = YES;
				GCC_WARN_ABOUT_RETURN_TYPE = YES_ERROR;
				GCC_WARN_UNDECLARED_SELECTOR = YES;
				GCC_WARN_UNINITIALIZED_AUTOS = YES_AGGRESSIVE;
				GCC_WARN_UNUSED_FUNCTION = YES;
				GCC_WARN_UNUSED_VARIABLE = YES;
				IPHONEOS_DEPLOYMENT_TARGET = 8.0;
				MTL_ENABLE_DEBUG_INFO = NO;
				SDKROOT = iphoneos;
				TARGETED_DEVICE_FAMILY = "1,2";
				VALIDATE_PRODUCT = YES;
			};
			name = Release;
		};
		834787061AE81BED003EE498 /* Debug */ = {
			isa = XCBuildConfiguration;
			buildSettings = {
				ASSETCATALOG_COMPILER_APPICON_NAME = AppIcon;
				INFOPLIST_FILE = BootcampExample/Info.plist;
				IPHONEOS_DEPLOYMENT_TARGET = 7.0;
				LD_RUNPATH_SEARCH_PATHS = "$(inherited) @executable_path/Frameworks";
				PRODUCT_NAME = "$(TARGET_NAME)";
				TARGETED_DEVICE_FAMILY = 1;
			};
			name = Debug;
		};
		834787071AE81BED003EE498 /* Release */ = {
			isa = XCBuildConfiguration;
			buildSettings = {
				ASSETCATALOG_COMPILER_APPICON_NAME = AppIcon;
				INFOPLIST_FILE = BootcampExample/Info.plist;
				IPHONEOS_DEPLOYMENT_TARGET = 7.0;
				LD_RUNPATH_SEARCH_PATHS = "$(inherited) @executable_path/Frameworks";
				PRODUCT_NAME = "$(TARGET_NAME)";
				TARGETED_DEVICE_FAMILY = 1;
			};
			name = Release;
		};
		834787091AE81BED003EE498 /* Debug */ = {
			isa = XCBuildConfiguration;
			buildSettings = {
				BUNDLE_LOADER = "$(TEST_HOST)";
				FRAMEWORK_SEARCH_PATHS = (
					"$(SDKROOT)/Developer/Library/Frameworks",
					"$(inherited)",
				);
				GCC_PREPROCESSOR_DEFINITIONS = (
					"DEBUG=1",
					"$(inherited)",
				);
				INFOPLIST_FILE = BootcampExampleTests/Info.plist;
				LD_RUNPATH_SEARCH_PATHS = "$(inherited) @executable_path/Frameworks @loader_path/Frameworks";
				PRODUCT_NAME = "$(TARGET_NAME)";
				TEST_HOST = "$(BUILT_PRODUCTS_DIR)/BootcampExample.app/BootcampExample";
			};
			name = Debug;
		};
		8347870A1AE81BED003EE498 /* Release */ = {
			isa = XCBuildConfiguration;
			buildSettings = {
				BUNDLE_LOADER = "$(TEST_HOST)";
				FRAMEWORK_SEARCH_PATHS = (
					"$(SDKROOT)/Developer/Library/Frameworks",
					"$(inherited)",
				);
				INFOPLIST_FILE = BootcampExampleTests/Info.plist;
				LD_RUNPATH_SEARCH_PATHS = "$(inherited) @executable_path/Frameworks @loader_path/Frameworks";
				PRODUCT_NAME = "$(TARGET_NAME)";
				TEST_HOST = "$(BUILT_PRODUCTS_DIR)/BootcampExample.app/BootcampExample";
			};
			name = Release;
		};
/* End XCBuildConfiguration section */

/* Begin XCConfigurationList section */
		834786E11AE81BED003EE498 /* Build configuration list for PBXProject "BootcampExample" */ = {
			isa = XCConfigurationList;
			buildConfigurations = (
				834787031AE81BED003EE498 /* Debug */,
				834787041AE81BED003EE498 /* Release */,
			);
			defaultConfigurationIsVisible = 0;
			defaultConfigurationName = Release;
		};
		834787051AE81BED003EE498 /* Build configuration list for PBXNativeTarget "BootcampExample" */ = {
			isa = XCConfigurationList;
			buildConfigurations = (
				834787061AE81BED003EE498 /* Debug */,
				834787071AE81BED003EE498 /* Release */,
			);
			defaultConfigurationIsVisible = 0;
			defaultConfigurationName = Release;
		};
		834787081AE81BED003EE498 /* Build configuration list for PBXNativeTarget "BootcampExampleTests" */ = {
			isa = XCConfigurationList;
			buildConfigurations = (
				834787091AE81BED003EE498 /* Debug */,
				8347870A1AE81BED003EE498 /* Release */,
			);
			defaultConfigurationIsVisible = 0;
			defaultConfigurationName = Release;
		};
/* End XCConfigurationList section */
	};
	rootObject = 834786DE1AE81BED003EE498 /* Project object */;
}
